
Microsoft Visual Studio Solution File, Format Version 12.00
# Visual Studio Version 17
VisualStudioVersion = 17.5.33424.131
MinimumVisualStudioVersion = 10.0.40219.1
Project("{FAE04EC0-301F-11D3-BF4B-00C04F79EFBC}") = "Charp_modul10_dz", "Charp_modul10_dz.csproj", "{1B612C29-3204-4F8E-A979-C9CDEEEF9274}"
EndProject
Global
	GlobalSection(SolutionConfigurationPlatforms) = preSolution
		Debug|Any CPU = Debug|Any CPU
		Release|Any CPU = Release|Any CPU
	EndGlobalSection
	GlobalSection(ProjectConfigurationPlatforms) = postSolution
		{1B612C29-3204-4F8E-A979-C9CDEEEF9274}.Debug|Any CPU.ActiveCfg = Debug|Any CPU
		{1B612C29-3204-4F8E-A979-C9CDEEEF9274}.Debug|Any CPU.Build.0 = Debug|Any CPU
		{1B612C29-3204-4F8E-A979-C9CDEEEF9274}.Release|Any CPU.ActiveCfg = Release|Any CPU
		{1B612C29-3204-4F8E-A979-C9CDEEEF9274}.Release|Any CPU.Build.0 = Release|Any CPU
	EndGlobalSection
	GlobalSection(SolutionProperties) = preSolution
		HideSolutionNode = FALSE
	EndGlobalSection
	GlobalSection(ExtensibilityGlobals) = postSolution
		SolutionGuid = {893304EE-0084-48AC-B18B-0F80C03C9E36}
	EndGlobalSection
EndGlobal
